{
  "originHash" : "108796dfd61aab6c24e80132180dbb8fecf71494f6e3c1ffe3bbf9d169a68186",
  "pins" : [
    {
      "identity" : "augur",
      "kind" : "remoteSourceControl",
      "location" : "https://github.com/CorvidLabs/augur.git",
      "state" : {
        "revision" : "063292dd203c67dd752260867aace57594f216ec",
        "version" : "0.4.1"
      }
    },
    {
      "identity" : "swift-argument-parser",
      "kind" : "remoteSourceControl",
      "location" : "https://github.com/apple/swift-argument-parser",
      "state" : {
        "revision" : "6a52f3251125d74daf04fcbd5e6f08a75d074382",
        "version" : "1.8.2"
      }
    },
    {
      "identity" : "tomldecoder",
      "kind" : "remoteSourceControl",
      "location" : "https://github.com/dduan/TOMLDecoder",
      "state" : {
        "revision" : "fa1103a62b1c08cc08eabc58dda8b55887ff1622",
        "version" : "0.4.4"
      }
    }
  ],
  "version" : 3
}
